
Microsoft Visual Studio Solution File, Format Version 12.00
# Visual Studio Version 16
VisualStudioVersion = 16.0.31624.102
MinimumVisualStudioVersion = 10.0.40219.1
Project("{9A19103F-16F7-4668-BE54-9A1E7A4F7556}") = "WinFormsAppRSP", "WinFormsAppRSP\WinFormsAppRSP.csproj", "{9F2422A4-4949-4D77-BF1D-AAAA6E7475DB}"
EndProject
Project("{FAE04EC0-301F-11D3-BF4B-00C04F79EFBC}") = "EntidadesRSP", "EntidadesRSP\EntidadesRSP.csproj", "{E342DE93-F8AB-4223-879C-20526776920B}"
EndProject
Global
	GlobalSection(SolutionConfigurationPlatforms) = preSolution
		Debug|Any CPU = Debug|Any CPU
		Release|Any CPU = Release|Any CPU
	EndGlobalSection
	GlobalSection(ProjectConfigurationPlatforms) = postSolution
		{9F2422A4-4949-4D77-BF1D-AAAA6E7475DB}.Debug|Any CPU.ActiveCfg = Debug|Any CPU
		{9F2422A4-4949-4D77-BF1D-AAAA6E7475DB}.Debug|Any CPU.Build.0 = Debug|Any CPU
		{9F2422A4-4949-4D77-BF1D-AAAA6E7475DB}.Release|Any CPU.ActiveCfg = Release|Any CPU
		{9F2422A4-4949-4D77-BF1D-AAAA6E7475DB}.Release|Any CPU.Build.0 = Release|Any CPU
		{E342DE93-F8AB-4223-879C-20526776920B}.Debug|Any CPU.ActiveCfg = Debug|Any CPU
		{E342DE93-F8AB-4223-879C-20526776920B}.Debug|Any CPU.Build.0 = Debug|Any CPU
		{E342DE93-F8AB-4223-879C-20526776920B}.Release|Any CPU.ActiveCfg = Release|Any CPU
		{E342DE93-F8AB-4223-879C-20526776920B}.Release|Any CPU.Build.0 = Release|Any CPU
	EndGlobalSection
	GlobalSection(SolutionProperties) = preSolution
		HideSolutionNode = FALSE
	EndGlobalSection
	GlobalSection(ExtensibilityGlobals) = postSolution
		SolutionGuid = {F079A26E-0F39-4D63-9A0D-C4D3919550CC}
	EndGlobalSection
EndGlobal
